Microsoft Visual Studio Solution File, Format Version 12.00
# Visual Studio 2012
Project("{2150E333-8FDC-42A3-9474-1A3956D46DE8}") = "(deps)", "(deps)", "{01DF18E8-89C6-A25E-0006-40F7C4BCED1B}"
EndProject
Project("{2150E333-8FDC-42A3-9474-1A3956D46DE8}") = "(uv)", "(uv)", "{D5BF94E0-63A0-F682-FBE7-55B17AA44195}"
EndProject
Project("{8BC9CEB8-8B4A-11D0-8D11-00A0C91BC942}") = "destroy", "destroy.vcxproj", "{4F4DD94F-D986-7C89-7E82-3BBC9A4CF871}"
	ProjectSection(ProjectDependencies) = postProject
		{625FF492-B59F-569D-16CD-9D8893159070} = {625FF492-B59F-569D-16CD-9D8893159070}
		{603C6853-166F-A229-0CE7-B001CAF96C76} = {603C6853-166F-A229-0CE7-B001CAF96C76}
		{D6F69B1D-C352-4321-DB83-D64F1E7E60C4} = {D6F69B1D-C352-4321-DB83-D64F1E7E60C4}
	EndProjectSection
EndProject
Project("{8BC9CEB8-8B4A-11D0-8D11-00A0C91BC942}") = "echo", "echo.vcxproj", "{E1266CD8-C74A-E75E-D38D-4146C175E123}"
	ProjectSection(ProjectDependencies) = postProject
		{625FF492-B59F-569D-16CD-9D8893159070} = {625FF492-B59F-569D-16CD-9D8893159070}
		{603C6853-166F-A229-0CE7-B001CAF96C76} = {603C6853-166F-A229-0CE7-B001CAF96C76}
		{D6F69B1D-C352-4321-DB83-D64F1E7E60C4} = {D6F69B1D-C352-4321-DB83-D64F1E7E60C4}
	EndProjectSection
EndProject
Project("{8BC9CEB8-8B4A-11D0-8D11-00A0C91BC942}") = "echo2", "echo2.vcxproj", "{DED7A45C-606C-D26D-8968-5D9549874661}"
	ProjectSection(ProjectDependencies) = postProject
		{625FF492-B59F-569D-16CD-9D8893159070} = {625FF492-B59F-569D-16CD-9D8893159070}
		{603C6853-166F-A229-0CE7-B001CAF96C76} = {603C6853-166F-A229-0CE7-B001CAF96C76}
		{D6F69B1D-C352-4321-DB83-D64F1E7E60C4} = {D6F69B1D-C352-4321-DB83-D64F1E7E60C4}
	EndProjectSection
EndProject
Project("{8BC9CEB8-8B4A-11D0-8D11-00A0C91BC942}") = "jansson", "deps\jansson\jansson.vcxproj", "{D6F69B1D-C352-4321-DB83-D64F1E7E60C4}"
EndProject
Project("{8BC9CEB8-8B4A-11D0-8D11-00A0C91BC942}") = "libpomelo", "libpomelo.vcxproj", "{625FF492-B59F-569D-16CD-9D8893159070}"
EndProject
Project("{8BC9CEB8-8B4A-11D0-8D11-00A0C91BC942}") = "libuv", "deps\uv\libuv.vcxproj", "{603C6853-166F-A229-0CE7-B001CAF96C76}"
EndProject
Project("{8BC9CEB8-8B4A-11D0-8D11-00A0C91BC942}") = "notify", "notify.vcxproj", "{079668A2-807C-40A5-FDF1-54C78BE4D485}"
	ProjectSection(ProjectDependencies) = postProject
		{625FF492-B59F-569D-16CD-9D8893159070} = {625FF492-B59F-569D-16CD-9D8893159070}
		{603C6853-166F-A229-0CE7-B001CAF96C76} = {603C6853-166F-A229-0CE7-B001CAF96C76}
		{D6F69B1D-C352-4321-DB83-D64F1E7E60C4} = {D6F69B1D-C352-4321-DB83-D64F1E7E60C4}
	EndProjectSection
EndProject
Project("{8BC9CEB8-8B4A-11D0-8D11-00A0C91BC942}") = "request", "request.vcxproj", "{BF7BEB92-5D6A-F836-F5B2-D9A13F340D13}"
	ProjectSection(ProjectDependencies) = postProject
		{625FF492-B59F-569D-16CD-9D8893159070} = {625FF492-B59F-569D-16CD-9D8893159070}
		{603C6853-166F-A229-0CE7-B001CAF96C76} = {603C6853-166F-A229-0CE7-B001CAF96C76}
		{D6F69B1D-C352-4321-DB83-D64F1E7E60C4} = {D6F69B1D-C352-4321-DB83-D64F1E7E60C4}
	EndProjectSection
EndProject
Project("{8BC9CEB8-8B4A-11D0-8D11-00A0C91BC942}") = "robot_chat", "robot_chat.vcxproj", "{1600E236-3A82-98A3-7830-6DE4B6E6CF53}"
	ProjectSection(ProjectDependencies) = postProject
		{625FF492-B59F-569D-16CD-9D8893159070} = {625FF492-B59F-569D-16CD-9D8893159070}
		{603C6853-166F-A229-0CE7-B001CAF96C76} = {603C6853-166F-A229-0CE7-B001CAF96C76}
		{D6F69B1D-C352-4321-DB83-D64F1E7E60C4} = {D6F69B1D-C352-4321-DB83-D64F1E7E60C4}
	EndProjectSection
EndProject
Project("{8BC9CEB8-8B4A-11D0-8D11-00A0C91BC942}") = "test_protobuf", "test_protobuf.vcxproj", "{1E9FF921-0B8B-A06A-722D-DB87AC0176D5}"
	ProjectSection(ProjectDependencies) = postProject
		{625FF492-B59F-569D-16CD-9D8893159070} = {625FF492-B59F-569D-16CD-9D8893159070}
		{603C6853-166F-A229-0CE7-B001CAF96C76} = {603C6853-166F-A229-0CE7-B001CAF96C76}
		{D6F69B1D-C352-4321-DB83-D64F1E7E60C4} = {D6F69B1D-C352-4321-DB83-D64F1E7E60C4}
	EndProjectSection
EndProject
Global
	GlobalSection(SolutionConfigurationPlatforms) = preSolution
		Debug|Win32 = Debug|Win32
		Default|Win32 = Default|Win32
	EndGlobalSection
	GlobalSection(ProjectConfigurationPlatforms) = postSolution
		{4F4DD94F-D986-7C89-7E82-3BBC9A4CF871}.Debug|Win32.ActiveCfg = Default|Win32
		{4F4DD94F-D986-7C89-7E82-3BBC9A4CF871}.Debug|Win32.Build.0 = Default|Win32
		{4F4DD94F-D986-7C89-7E82-3BBC9A4CF871}.Default|Win32.ActiveCfg = Default|Win32
		{4F4DD94F-D986-7C89-7E82-3BBC9A4CF871}.Default|Win32.Build.0 = Default|Win32
		{E1266CD8-C74A-E75E-D38D-4146C175E123}.Debug|Win32.ActiveCfg = Default|Win32
		{E1266CD8-C74A-E75E-D38D-4146C175E123}.Debug|Win32.Build.0 = Default|Win32
		{E1266CD8-C74A-E75E-D38D-4146C175E123}.Default|Win32.ActiveCfg = Default|Win32
		{E1266CD8-C74A-E75E-D38D-4146C175E123}.Default|Win32.Build.0 = Default|Win32
		{DED7A45C-606C-D26D-8968-5D9549874661}.Debug|Win32.ActiveCfg = Default|Win32
		{DED7A45C-606C-D26D-8968-5D9549874661}.Debug|Win32.Build.0 = Default|Win32
		{DED7A45C-606C-D26D-8968-5D9549874661}.Default|Win32.ActiveCfg = Default|Win32
		{DED7A45C-606C-D26D-8968-5D9549874661}.Default|Win32.Build.0 = Default|Win32
		{D6F69B1D-C352-4321-DB83-D64F1E7E60C4}.Debug|Win32.ActiveCfg = Default|Win32
		{D6F69B1D-C352-4321-DB83-D64F1E7E60C4}.Debug|Win32.Build.0 = Default|Win32
		{D6F69B1D-C352-4321-DB83-D64F1E7E60C4}.Default|Win32.ActiveCfg = Default|Win32
		{D6F69B1D-C352-4321-DB83-D64F1E7E60C4}.Default|Win32.Build.0 = Default|Win32
		{625FF492-B59F-569D-16CD-9D8893159070}.Debug|Win32.ActiveCfg = Default|Win32
		{625FF492-B59F-569D-16CD-9D8893159070}.Debug|Win32.Build.0 = Default|Win32
		{625FF492-B59F-569D-16CD-9D8893159070}.Default|Win32.ActiveCfg = Default|Win32
		{625FF492-B59F-569D-16CD-9D8893159070}.Default|Win32.Build.0 = Default|Win32
		{603C6853-166F-A229-0CE7-B001CAF96C76}.Debug|Win32.ActiveCfg = Debug|Win32
		{603C6853-166F-A229-0CE7-B001CAF96C76}.Debug|Win32.Build.0 = Debug|Win32
		{603C6853-166F-A229-0CE7-B001CAF96C76}.Default|Win32.ActiveCfg = Default|Win32
		{603C6853-166F-A229-0CE7-B001CAF96C76}.Default|Win32.Build.0 = Default|Win32
		{079668A2-807C-40A5-FDF1-54C78BE4D485}.Debug|Win32.ActiveCfg = Default|Win32
		{079668A2-807C-40A5-FDF1-54C78BE4D485}.Debug|Win32.Build.0 = Default|Win32
		{079668A2-807C-40A5-FDF1-54C78BE4D485}.Default|Win32.ActiveCfg = Default|Win32
		{079668A2-807C-40A5-FDF1-54C78BE4D485}.Default|Win32.Build.0 = Default|Win32
		{BF7BEB92-5D6A-F836-F5B2-D9A13F340D13}.Debug|Win32.ActiveCfg = Default|Win32
		{BF7BEB92-5D6A-F836-F5B2-D9A13F340D13}.Debug|Win32.Build.0 = Default|Win32
		{BF7BEB92-5D6A-F836-F5B2-D9A13F340D13}.Default|Win32.ActiveCfg = Default|Win32
		{BF7BEB92-5D6A-F836-F5B2-D9A13F340D13}.Default|Win32.Build.0 = Default|Win32
		{1600E236-3A82-98A3-7830-6DE4B6E6CF53}.Debug|Win32.ActiveCfg = Default|Win32
		{1600E236-3A82-98A3-7830-6DE4B6E6CF53}.Debug|Win32.Build.0 = Default|Win32
		{1600E236-3A82-98A3-7830-6DE4B6E6CF53}.Default|Win32.ActiveCfg = Default|Win32
		{1600E236-3A82-98A3-7830-6DE4B6E6CF53}.Default|Win32.Build.0 = Default|Win32
		{1E9FF921-0B8B-A06A-722D-DB87AC0176D5}.Debug|Win32.ActiveCfg = Default|Win32
		{1E9FF921-0B8B-A06A-722D-DB87AC0176D5}.Debug|Win32.Build.0 = Default|Win32
		{1E9FF921-0B8B-A06A-722D-DB87AC0176D5}.Default|Win32.ActiveCfg = Default|Win32
		{1E9FF921-0B8B-A06A-722D-DB87AC0176D5}.Default|Win32.Build.0 = Default|Win32
	EndGlobalSection
	GlobalSection(SolutionProperties) = preSolution
		HideSolutionNode = FALSE
	EndGlobalSection
	GlobalSection(NestedProjects) = preSolution
		{D5BF94E0-63A0-F682-FBE7-55B17AA44195} = {01DF18E8-89C6-A25E-0006-40F7C4BCED1B}
		{D6F69B1D-C352-4321-DB83-D64F1E7E60C4} = {01DF18E8-89C6-A25E-0006-40F7C4BCED1B}
		{603C6853-166F-A229-0CE7-B001CAF96C76} = {D5BF94E0-63A0-F682-FBE7-55B17AA44195}
	EndGlobalSection
EndGlobal
